
Microsoft Visual Studio Solution File, Format Version 11.00
# Visual Studio 2010
Project("{FAE04EC0-301F-11D3-BF4B-00C04F79EFBC}") = "CharacterCase", "Assembly-CSharp.csproj", "{5A54FB16-EE7E-9C50-364D-D2D4913B4D3F}"
EndProject
Global
	GlobalSection(SolutionConfigurationPlatforms) = preSolution
		Debug|Any CPU = Debug|Any CPU
		Release|Any CPU = Release|Any CPU
	EndGlobalSection
	GlobalSection(ProjectConfigurationPlatforms) = postSolution
		{5A54FB16-EE7E-9C50-364D-D2D4913B4D3F}.Debug|Any CPU.ActiveCfg = Debug|Any CPU
		{5A54FB16-EE7E-9C50-364D-D2D4913B4D3F}.Debug|Any CPU.Build.0 = Debug|Any CPU
		{5A54FB16-EE7E-9C50-364D-D2D4913B4D3F}.Release|Any CPU.ActiveCfg = Release|Any CPU
		{5A54FB16-EE7E-9C50-364D-D2D4913B4D3F}.Release|Any CPU.Build.0 = Release|Any CPU
	EndGlobalSection
	GlobalSection(SolutionProperties) = preSolution
		HideSolutionNode = FALSE
	EndGlobalSection
	GlobalSection(MonoDevelopProperties) = preSolution
		StartupItem = Assembly-CSharp.csproj
	EndGlobalSection
EndGlobal
